<?xml version="1.0" encoding="utf-8"?>
<Project ToolsVersion="4.0" xmlns="http://schemas.microsoft.com/developer/msbuild/2003">
  <ItemGroup>
    <Filter Include="Source Files">
      <UniqueIdentifier>{4FC737F1-C7A5-4376-A066-2A32D752A2FF}</UniqueIdentifier>
      <Extensions>cpp;c;cc;cxx;def;odl;idl;hpj;bat;asm;asmx</Extensions>
    </Filter>
    <Filter Include="Header Files">
      <UniqueIdentifier>{93995380-89BD-4b04-88EB-625FBE52EBFB}</UniqueIdentifier>
      <Extensions>h;hh;hpp;hxx;hm;inl;inc;ipp;xsd</Extensions>
    </Filter>
    <Filter Include="Resource Files">
      <UniqueIdentifier>{67DA6AB6-F800-4c08-8B7A-83BB121AAD01}</UniqueIdentifier>
      <Extensions>rc;ico;cur;bmp;dlg;rc2;rct;bin;rgs;gif;jpg;jpeg;jpe;resx;tiff;tif;png;wav;mfcribbon-ms</Extensions>
    </Filter>
    <Filter Include="Source Files\util">
      <UniqueIdentifier>{b1c8ad7e-a36b-45a1-9561-9f5592a00674}</UniqueIdentifier>
    </Filter>
    <Filter Include="Source Files\util\printer">
      <UniqueIdentifier>{cbecbd3b-04cc-4dac-b786-51a40a482b94}</UniqueIdentifier>
    </Filter>
    <Filter Include="Source Files\model">
      <UniqueIdentifier>{66c8060f-fa9a-48f8-a829-bd59f1886c91}</UniqueIdentifier>
    </Filter>
    <Filter Include="Source Files\controller">
      <UniqueIdentifier>{94b3c5ee-fdac-4e81-87f3-a2224d8e782d}</UniqueIdentifier>
    </Filter>
    <Filter Include="Header Files\controller">
      <UniqueIdentifier>{a94a51ab-ebff-4677-92fe-0eed00ab5b66}</UniqueIdentifier>
    </Filter>
    <Filter Include="Header Files\model">
      <UniqueIdentifier>{4dc8d251-fcbd-44ed-ba10-fd55bae05dea}</UniqueIdentifier>
    </Filter>
    <Filter Include="Header Files\util">
      <UniqueIdentifier>{0e7cb49a-547a-4054-8610-51936b2b6a32}</UniqueIdentifier>
    </Filter>
    <Filter Include="Header Files\util\printer">
      <UniqueIdentifier>{7fbbf3a0-e746-4ad6-aef4-248edb7f544f}</UniqueIdentifier>
    </Filter>
  </ItemGroup>
  <ItemGroup>
    <ClCompile Include="AShelter.cpp">
      <Filter>Source Files</Filter>
    </ClCompile>
    <ClCompile Include="Printer.cpp">
      <Filter>Source Files\util\printer</Filter>
    </ClCompile>
    <ClCompile Include="Animal.cpp">
      <Filter>Source Files\model</Filter>
    </ClCompile>
    <ClCompile Include="Shelter.cpp">
      <Filter>Source Files\model</Filter>
    </ClCompile>
    <ClCompile Include="ShelterController.cpp">
      <Filter>Source Files\controller</Filter>
    </ClCompile>
    <ClCompile Include="IdSequence.cpp">
      <Filter>Source Files\model</Filter>
    </ClCompile>
  </ItemGroup>
  <ItemGroup>
    <ClInclude Include="resource.h">
      <Filter>Header Files</Filter>
    </ClInclude>
    <ClInclude Include="ShelterController.h">
      <Filter>Header Files\controller</Filter>
    </ClInclude>
    <ClInclude Include="Animal.h">
      <Filter>Header Files\model</Filter>
    </ClInclude>
    <ClInclude Include="Shelter.h">
      <Filter>Header Files\model</Filter>
    </ClInclude>
    <ClInclude Include="Printer.h">
      <Filter>Header Files\util\printer</Filter>
    </ClInclude>
    <ClInclude Include="IdSequence.h">
      <Filter>Header Files\model</Filter>
    </ClInclude>
  </ItemGroup>
  <ItemGroup>
    <ResourceCompile Include="AShelter.rc">
      <Filter>Resource Files</Filter>
    </ResourceCompile>
  </ItemGroup>
</Project>